<?xml version="1.0" encoding="utf-8"?>
<Project ToolsVersion="4.0" xmlns="http://schemas.microsoft.com/developer/msbuild/2003">
  <ItemGroup>
    <Filter Include="Source Files">
      <UniqueIdentifier>{4FC737F1-C7A5-4376-A066-2A32D752A2FF}</UniqueIdentifier>
      <Extensions>cpp;c;cc;cxx;c++;cppm;ixx;def;odl;idl;hpj;bat;asm;asmx</Extensions>
    </Filter>
    <Filter Include="Header Files">
      <UniqueIdentifier>{93995380-89BD-4b04-88EB-625FBE52EBFB}</UniqueIdentifier>
      <Extensions>h;hh;hpp;hxx;h++;hm;inl;inc;ipp;xsd</Extensions>
    </Filter>
    <Filter Include="Resource Files">
      <UniqueIdentifier>{67DA6AB6-F800-4c08-8B7A-83BB121AAD01}</UniqueIdentifier>
      <Extensions>rc;ico;cur;bmp;dlg;rc2;rct;bin;rgs;gif;jpg;jpeg;jpe;resx;tiff;tif;png;wav;mfcribbon-ms</Extensions>
    </Filter>
  </ItemGroup>
  <ItemGroup>
    <ClInclude Include="bit\include\bit\utility\utility.h">
      <Filter>Header Files</Filter>
    </ClInclude>
    <ClInclude Include="bit\include\bit\core\types.h">
      <Filter>Header Files</Filter>
    </ClInclude>
    <ClInclude Include="bit\include\bit\core\platform.h">
      <Filter>Header Files</Filter>
    </ClInclude>
    <ClInclude Include="bit\include\bit\utility\murmur_hash.h">
      <Filter>Header Files</Filter>
    </ClInclude>
    <ClInclude Include="bit\include\bit\core\platform_windows.h">
      <Filter>Header Files</Filter>
    </ClInclude>
    <ClInclude Include="bit\include\bit\core\platform_null.h">
      <Filter>Header Files</Filter>
    </ClInclude>
    <ClInclude Include="bit\include\bit\core\memory\allocator.h">
      <Filter>Header Files</Filter>
    </ClInclude>
    <ClInclude Include="bit\include\bit\container\array.h">
      <Filter>Header Files</Filter>
    </ClInclude>
    <ClInclude Include="bit\include\bit\core\memory.h">
      <Filter>Header Files</Filter>
    </ClInclude>
    <ClInclude Include="bit\include\bit\core\os\os.h">
      <Filter>Header Files</Filter>
    </ClInclude>
    <ClInclude Include="bit\include\bit\utility\command_args.h">
      <Filter>Header Files</Filter>
    </ClInclude>
    <ClInclude Include="bit\src\bit\platform\windows\windows_common.h">
      <Filter>Header Files</Filter>
    </ClInclude>
    <ClInclude Include="bit\include\bit\core\os\atomics.h">
      <Filter>Header Files</Filter>
    </ClInclude>
    <ClInclude Include="bit\include\bit\core\os\critical_section.h">
      <Filter>Header Files</Filter>
    </ClInclude>
    <ClInclude Include="bit\include\bit\core\os\thread.h">
      <Filter>Header Files</Filter>
    </ClInclude>
    <ClInclude Include="bit\include\bit\utility\scope_timer.h">
      <Filter>Header Files</Filter>
    </ClInclude>
    <ClInclude Include="bit\include\bit\container\hash_table.h">
      <Filter>Header Files</Filter>
    </ClInclude>
    <ClInclude Include="bit\include\bit\container\linked_list.h">
      <Filter>Header Files</Filter>
    </ClInclude>
    <ClInclude Include="bit\include\bit\container\intrusive_linked_list.h">
      <Filter>Header Files</Filter>
    </ClInclude>
    <ClInclude Include="bit\include\bit\core\memory\linear_allocator.h">
      <Filter>Header Files</Filter>
    </ClInclude>
    <ClInclude Include="bit\include\bit\container\container_allocators.h">
      <Filter>Header Files</Filter>
    </ClInclude>
    <ClInclude Include="bit\include\bit\core\os\virtual_memory.h">
      <Filter>Header Files</Filter>
    </ClInclude>
    <ClInclude Include="bit\include\bit\core\memory\page_allocator.h">
      <Filter>Header Files</Filter>
    </ClInclude>
    <ClInclude Include="bit\include\bit\utility\pointers.h">
      <Filter>Header Files</Filter>
    </ClInclude>
    <ClInclude Include="bit\include\bit\utility\reference_counter.h">
      <Filter>Header Files</Filter>
    </ClInclude>
    <ClInclude Include="bit\include\bit\core\memory\tlsf_allocator.h">
      <Filter>Header Files</Filter>
    </ClInclude>
    <ClInclude Include="bit\include\bit\container\string.h">
      <Filter>Header Files</Filter>
    </ClInclude>
    <ClInclude Include="bit\include\bit\core\os\mutex.h">
      <Filter>Header Files</Filter>
    </ClInclude>
    <ClInclude Include="bit\include\bit\core\os\scope_lock.h">
      <Filter>Header Files</Filter>
    </ClInclude>
    <ClInclude Include="bit\include\bit\core\os\rw_lock.h">
      <Filter>Header Files</Filter>
    </ClInclude>
    <ClInclude Include="bit\include\bit\core\os\thread_local_storage.h">
      <Filter>Header Files</Filter>
    </ClInclude>
    <ClInclude Include="bit\include\bit\utility\hash.h">
      <Filter>Header Files</Filter>
    </ClInclude>
    <ClInclude Include="bit\include\bit\container\tuple.h">
      <Filter>Header Files</Filter>
    </ClInclude>
    <ClInclude Include="bit\include\bit\core\os\debug.h">
      <Filter>Header Files</Filter>
    </ClInclude>
  </ItemGroup>
  <ItemGroup>
    <Natvis Include="bit.natvis" />
  </ItemGroup>
  <ItemGroup>
    <ClCompile Include="bit\src\bit\utility\murmur_hash.cpp">
      <Filter>Source Files</Filter>
    </ClCompile>
    <ClCompile Include="bit\src\bit\platform\windows\core\windows_memory.cpp">
      <Filter>Source Files</Filter>
    </ClCompile>
    <ClCompile Include="bit\src\bit\platform\windows\core\os\windows_os.cpp">
      <Filter>Source Files</Filter>
    </ClCompile>
    <ClCompile Include="bit\src\bit\platform\windows\core\utility\windows_utility.cpp">
      <Filter>Source Files</Filter>
    </ClCompile>
    <ClCompile Include="bit\src\bit\utility\command_args.cpp">
      <Filter>Source Files</Filter>
    </ClCompile>
    <ClCompile Include="bit\src\bit\core\memory.cpp">
      <Filter>Source Files</Filter>
    </ClCompile>
    <ClCompile Include="bit\src\bit\platform\windows\core\os\windows_atomics.cpp">
      <Filter>Source Files</Filter>
    </ClCompile>
    <ClCompile Include="bit\src\bit\platform\windows\core\os\windows_critical_section.cpp">
      <Filter>Source Files</Filter>
    </ClCompile>
    <ClCompile Include="bit\src\bit\platform\windows\core\os\windows_thread.cpp">
      <Filter>Source Files</Filter>
    </ClCompile>
    <ClCompile Include="bit\src\bit\platform\windows\core\os\windows_entry_point.cpp">
      <Filter>Source Files</Filter>
    </ClCompile>
    <ClCompile Include="bit\src\bit\utility\scope_timer.cpp">
      <Filter>Source Files</Filter>
    </ClCompile>
    <ClCompile Include="bit\src\bit\core\memory\allocator.cpp">
      <Filter>Source Files</Filter>
    </ClCompile>
    <ClCompile Include="bit\src\bit\core\memory\linear_allocator.cpp">
      <Filter>Source Files</Filter>
    </ClCompile>
    <ClCompile Include="bit\src\bit\platform\windows\core\os\windows_virtual_memory.cpp">
      <Filter>Source Files</Filter>
    </ClCompile>
    <ClCompile Include="bit\src\bit\core\memory\page_allocator.cpp">
      <Filter>Source Files</Filter>
    </ClCompile>
    <ClCompile Include="bit\src\bit\core\memory\tlsf_allocator.cpp">
      <Filter>Source Files</Filter>
    </ClCompile>
    <ClCompile Include="bit\src\bit\container\string.cpp">
      <Filter>Source Files</Filter>
    </ClCompile>
    <ClCompile Include="bit\src\bit\platform\windows\core\os\windows_mutex.cpp">
      <Filter>Source Files</Filter>
    </ClCompile>
    <ClCompile Include="bit\src\bit\platform\windows\core\os\windows_rw_lock.cpp">
      <Filter>Source Files</Filter>
    </ClCompile>
    <ClCompile Include="bit\src\bit\core\os\rw_lock.cpp">
      <Filter>Source Files</Filter>
    </ClCompile>
    <ClCompile Include="bit\src\bit\platform\windows\core\os\windows_thread_local_storage.cpp">
      <Filter>Source Files</Filter>
    </ClCompile>
  </ItemGroup>
</Project>